{
  "requires": true,
  "lockfileVersion": 1,
  "dependencies": {
    "docdash": {
      "version": "1.2.0",
      "resolved": "https://registry.npmjs.org/docdash/-/docdash-1.2.0.tgz",
      "integrity": "sha512-IYZbgYthPTspgqYeciRJNPhSwL51yer7HAwDXhF5p+H7mTDbPvY3PCk/QDjNxdPCpWkaJVFC4t7iCNB/t9E5Kw=="
    }
  }
}
